PODS:
  - RouteCenter (0.5.0):
    - URLNavigator (~> 2.0)
  - URLNavigator (2.0.5)

DEPENDENCIES:
  - RouteCenter (from `../`)

SPEC REPOS:
  https://github.com/CocoaPods/Specs.git:
    - URLNavigator

EXTERNAL SOURCES:
  RouteCenter:
    :path: "../"

SPEC CHECKSUMS:
  RouteCenter: 428b28ec0919fc43b895980f7285ddd8f75f0c9d
  URLNavigator: b7bdd352cc07f4f745547807a3ca2a82980a6cea

PODFILE CHECKSUM: cb31632acff0b29d20aa3d8851d7846c72fc5878

COCOAPODS: 1.5.0
