PODS:
  - RouteCenter (0.5.0):
    - URLNavigator (~> 1.2)
  - URLNavigator (1.2.5)

DEPENDENCIES:
  - RouteCenter (from `../`)

EXTERNAL SOURCES:
  RouteCenter:
    :path: ../

SPEC CHECKSUMS:
  RouteCenter: fd9ade29dd36284200e3ca9ca03cc1e4508e5487
  URLNavigator: 96151fe611827a2ade6643a536888afe616e6edb

PODFILE CHECKSUM: cb31632acff0b29d20aa3d8851d7846c72fc5878

COCOAPODS: 1.3.0.rc.1
